
Microsoft Visual Studio Solution File, Format Version 12.00
Project("{FAE04EC0-301F-11D3-BF4B-00C04F79EFBC}") = "Codeforces", "Codeforces\Codeforces.csproj", "{BDC2E857-92B2-47EF-AAD3-7A2902C8F47B}"
EndProject
Global
	GlobalSection(SolutionConfigurationPlatforms) = preSolution
		Debug|Any CPU = Debug|Any CPU
		Release|Any CPU = Release|Any CPU
	EndGlobalSection
	GlobalSection(ProjectConfigurationPlatforms) = postSolution
		{BDC2E857-92B2-47EF-AAD3-7A2902C8F47B}.Debug|Any CPU.ActiveCfg = Debug|Any CPU
		{BDC2E857-92B2-47EF-AAD3-7A2902C8F47B}.Debug|Any CPU.Build.0 = Debug|Any CPU
		{BDC2E857-92B2-47EF-AAD3-7A2902C8F47B}.Release|Any CPU.ActiveCfg = Release|Any CPU
		{BDC2E857-92B2-47EF-AAD3-7A2902C8F47B}.Release|Any CPU.Build.0 = Release|Any CPU
	EndGlobalSection
EndGlobal
